
Microsoft Visual Studio Solution File, Format Version 12.00
# Visual Studio 15
VisualStudioVersion = 15.0.27130.2036
MinimumVisualStudioVersion = 10.0.40219.1
Project("{9A19103F-16F7-4668-BE54-9A1E7A4F7556}") = "FPServer", "FPServer\FPServer.csproj", "{67119135-DD20-4397-BA03-E437CCA03084}"
EndProject
Project("{E53339B2-1760-4266-BCC7-CA923CBCF16C}") = "docker-compose", "docker-compose.dcproj", "{CF487113-DDCB-454A-A2D8-B57D96BC6C39}"
EndProject
Project("{FAE04EC0-301F-11D3-BF4B-00C04F79EFBC}") = "FPServer.UnitTest", "..\FPServer.UnitTest\FPServer.UnitTest.csproj", "{92744DE9-07FA-4B10-8A86-BA96312F1CC1}"
EndProject
Global
	GlobalSection(SolutionConfigurationPlatforms) = preSolution
		Debug|Any CPU = Debug|Any CPU
		Release|Any CPU = Release|Any CPU
	EndGlobalSection
	GlobalSection(ProjectConfigurationPlatforms) = postSolution
		{67119135-DD20-4397-BA03-E437CCA03084}.Debug|Any CPU.ActiveCfg = Debug|Any CPU
		{67119135-DD20-4397-BA03-E437CCA03084}.Debug|Any CPU.Build.0 = Debug|Any CPU
		{67119135-DD20-4397-BA03-E437CCA03084}.Release|Any CPU.ActiveCfg = Release|Any CPU
		{67119135-DD20-4397-BA03-E437CCA03084}.Release|Any CPU.Build.0 = Release|Any CPU
		{CF487113-DDCB-454A-A2D8-B57D96BC6C39}.Debug|Any CPU.ActiveCfg = Debug|Any CPU
		{CF487113-DDCB-454A-A2D8-B57D96BC6C39}.Debug|Any CPU.Build.0 = Debug|Any CPU
		{CF487113-DDCB-454A-A2D8-B57D96BC6C39}.Release|Any CPU.ActiveCfg = Release|Any CPU
		{CF487113-DDCB-454A-A2D8-B57D96BC6C39}.Release|Any CPU.Build.0 = Release|Any CPU
		{92744DE9-07FA-4B10-8A86-BA96312F1CC1}.Debug|Any CPU.ActiveCfg = Debug|Any CPU
		{92744DE9-07FA-4B10-8A86-BA96312F1CC1}.Debug|Any CPU.Build.0 = Debug|Any CPU
		{92744DE9-07FA-4B10-8A86-BA96312F1CC1}.Release|Any CPU.ActiveCfg = Release|Any CPU
		{92744DE9-07FA-4B10-8A86-BA96312F1CC1}.Release|Any CPU.Build.0 = Release|Any CPU
	EndGlobalSection
	GlobalSection(SolutionProperties) = preSolution
		HideSolutionNode = FALSE
	EndGlobalSection
	GlobalSection(ExtensibilityGlobals) = postSolution
		SolutionGuid = {5706F16C-26F1-4B2E-A622-BEA9F1B26C8F}
	EndGlobalSection
EndGlobal
